
Microsoft Visual Studio Solution File, Format Version 12.00
# Visual Studio 15
VisualStudioVersion = 15.0.28307.329
MinimumVisualStudioVersion = 10.0.40219.1
Project("{9A19103F-16F7-4668-BE54-9A1E7A4F7556}") = "Oculus.Platform", "Oculus.Platform\Oculus.Platform.csproj", "{3E335281-6D3E-4B78-9889-29B6D3171BBA}"
EndProject
Project("{9A19103F-16F7-4668-BE54-9A1E7A4F7556}") = "Oculus", "Oculus\Oculus.csproj", "{36E83D56-7A12-467B-8B8B-C28E63F71149}"
EndProject
Project("{9A19103F-16F7-4668-BE54-9A1E7A4F7556}") = "Oculus.Editor", "Oculus.Editor\Oculus.Editor.csproj", "{0B44C54B-3777-4484-9B3A-E0EEEB2BAB8E}"
EndProject
Project("{9A19103F-16F7-4668-BE54-9A1E7A4F7556}") = "Unity.Loader", "Loaders\Unity.Loader\Unity.Loader.csproj", "{00152239-C58E-4C37-A16F-58ED8042B7F1}"
EndProject
Global
	GlobalSection(SolutionConfigurationPlatforms) = preSolution
		Debug|Any CPU = Debug|Any CPU
		Release|Any CPU = Release|Any CPU
	EndGlobalSection
	GlobalSection(ProjectConfigurationPlatforms) = postSolution
		{3E335281-6D3E-4B78-9889-29B6D3171BBA}.Debug|Any CPU.ActiveCfg = Debug|Any CPU
		{3E335281-6D3E-4B78-9889-29B6D3171BBA}.Debug|Any CPU.Build.0 = Debug|Any CPU
		{3E335281-6D3E-4B78-9889-29B6D3171BBA}.Release|Any CPU.ActiveCfg = Release|Any CPU
		{3E335281-6D3E-4B78-9889-29B6D3171BBA}.Release|Any CPU.Build.0 = Release|Any CPU
		{36E83D56-7A12-467B-8B8B-C28E63F71149}.Debug|Any CPU.ActiveCfg = Debug|Any CPU
		{36E83D56-7A12-467B-8B8B-C28E63F71149}.Debug|Any CPU.Build.0 = Debug|Any CPU
		{36E83D56-7A12-467B-8B8B-C28E63F71149}.Release|Any CPU.ActiveCfg = Release|Any CPU
		{36E83D56-7A12-467B-8B8B-C28E63F71149}.Release|Any CPU.Build.0 = Release|Any CPU
		{0B44C54B-3777-4484-9B3A-E0EEEB2BAB8E}.Debug|Any CPU.ActiveCfg = Debug|Any CPU
		{0B44C54B-3777-4484-9B3A-E0EEEB2BAB8E}.Debug|Any CPU.Build.0 = Debug|Any CPU
		{0B44C54B-3777-4484-9B3A-E0EEEB2BAB8E}.Release|Any CPU.ActiveCfg = Release|Any CPU
		{0B44C54B-3777-4484-9B3A-E0EEEB2BAB8E}.Release|Any CPU.Build.0 = Release|Any CPU
		{00152239-C58E-4C37-A16F-58ED8042B7F1}.Debug|Any CPU.ActiveCfg = Debug|Any CPU
		{00152239-C58E-4C37-A16F-58ED8042B7F1}.Debug|Any CPU.Build.0 = Debug|Any CPU
		{00152239-C58E-4C37-A16F-58ED8042B7F1}.Release|Any CPU.ActiveCfg = Release|Any CPU
		{00152239-C58E-4C37-A16F-58ED8042B7F1}.Release|Any CPU.Build.0 = Release|Any CPU
	EndGlobalSection
	GlobalSection(SolutionProperties) = preSolution
		HideSolutionNode = FALSE
	EndGlobalSection
	GlobalSection(ExtensibilityGlobals) = postSolution
		SolutionGuid = {7ACB76E5-A8E8-4292-994C-E0779E009E43}
	EndGlobalSection
EndGlobal
