
Microsoft Visual Studio Solution File, Format Version 12.00
# Visual Studio 15
VisualStudioVersion = 15.0.28307.329
MinimumVisualStudioVersion = 10.0.40219.1
Project("{9A19103F-16F7-4668-BE54-9A1E7A4F7556}") = "Oculus.Platform", "Oculus.Platform\Oculus.Platform.csproj", "{3E335281-6D3E-4B78-9889-29B6D3171BBA}"
EndProject
Project("{9A19103F-16F7-4668-BE54-9A1E7A4F7556}") = "Oculus.Platform.Tests", "Oculus.Platform.Tests\Oculus.Platform.Tests.csproj", "{1D3EF825-057B-420E-9EFB-7C0047B8F244}"
EndProject
Global
	GlobalSection(SolutionConfigurationPlatforms) = preSolution
		Debug|Any CPU = Debug|Any CPU
		Release|Any CPU = Release|Any CPU
	EndGlobalSection
	GlobalSection(ProjectConfigurationPlatforms) = postSolution
		{3E335281-6D3E-4B78-9889-29B6D3171BBA}.Debug|Any CPU.ActiveCfg = Debug|Any CPU
		{3E335281-6D3E-4B78-9889-29B6D3171BBA}.Debug|Any CPU.Build.0 = Debug|Any CPU
		{3E335281-6D3E-4B78-9889-29B6D3171BBA}.Release|Any CPU.ActiveCfg = Release|Any CPU
		{3E335281-6D3E-4B78-9889-29B6D3171BBA}.Release|Any CPU.Build.0 = Release|Any CPU
		{1D3EF825-057B-420E-9EFB-7C0047B8F244}.Debug|Any CPU.ActiveCfg = Debug|Any CPU
		{1D3EF825-057B-420E-9EFB-7C0047B8F244}.Debug|Any CPU.Build.0 = Debug|Any CPU
		{1D3EF825-057B-420E-9EFB-7C0047B8F244}.Release|Any CPU.ActiveCfg = Release|Any CPU
		{1D3EF825-057B-420E-9EFB-7C0047B8F244}.Release|Any CPU.Build.0 = Release|Any CPU
	EndGlobalSection
	GlobalSection(SolutionProperties) = preSolution
		HideSolutionNode = FALSE
	EndGlobalSection
	GlobalSection(ExtensibilityGlobals) = postSolution
		SolutionGuid = {7ACB76E5-A8E8-4292-994C-E0779E009E43}
	EndGlobalSection
EndGlobal
